{
    "_meta": {
        "hash": {
            "sha256": "ef0e1e6104116f14519021f5b148f9b9b97bdae7f4b9a6d44fe8575a6cd74ea2"
        },
        "pipfile-spec": 6,
        "requires": {
            "python_version": "3.11"
        },
        "sources": [
            {
                "name": "pypi",
                "url": "https://pypi.org/simple",
                "verify_ssl": true
            }
        ]
    },
    "default": {
        "podcastparser": {
            "hashes": [
                "sha256:2b9acb60ad46cff5230c0a3609d37e934674644bfcd5d13b18c423917e9f13d7",
                "sha256:afbeb2eda5a93e2e0e2125a3580a7bae064d6bf3233e0d898525eee54dac5ded"
            ],
            "index": "pypi",
            "version": "==0.6.10"
        }
    },
    "develop": {}
}
