{
    "_meta": {
        "hash": {
            "sha256": "895fc52e00224c047c704bc7240c7d54df89937e5e38c71834a3708f403633c0"
        },
        "pipfile-spec": 6,
        "requires": {
            "python_version": "3.11"
        },
        "sources": [
            {
                "name": "pypi",
                "url": "https://pypi.org/simple",
                "verify_ssl": true
            }
        ]
    },
    "default": {
        "docopt": {
            "hashes": [
                "sha256:49b3a825280bd66b3aa83585ef59c4a8c82f2c8a522dbe754a8bc8d08c85c491"
            ],
            "version": "==0.6.2"
        },
        "podcastparser": {
            "hashes": [
                "sha256:2b9acb60ad46cff5230c0a3609d37e934674644bfcd5d13b18c423917e9f13d7",
                "sha256:afbeb2eda5a93e2e0e2125a3580a7bae064d6bf3233e0d898525eee54dac5ded"
            ],
            "index": "pypi",
            "version": "==0.6.10"
        },
        "webvtt-py": {
            "hashes": [
                "sha256:5cf9da2a8c34bc789db599377be87b228b7e4734c629597edd27a8054e004a57"
            ],
            "index": "pypi",
            "version": "==0.4.6"
        }
    },
    "develop": {}
}
